
Microsoft Visual Studio Solution File, Format Version 12.00
# Visual Studio Version 17
VisualStudioVersion = 17.5.33502.453
MinimumVisualStudioVersion = 10.0.40219.1
Project("{FAE04EC0-301F-11D3-BF4B-00C04F79EFBC}") = "eTickets", "eTickets\eTickets.csproj", "{EEEC6F67-9E2D-4CDC-A9CD-756CF57B6F0E}"
EndProject
Global
	GlobalSection(SolutionConfigurationPlatforms) = preSolution
		Debug|Any CPU = Debug|Any CPU
		Release|Any CPU = Release|Any CPU
	EndGlobalSection
	GlobalSection(ProjectConfigurationPlatforms) = postSolution
		{EEEC6F67-9E2D-4CDC-A9CD-756CF57B6F0E}.Debug|Any CPU.ActiveCfg = Debug|Any CPU
		{EEEC6F67-9E2D-4CDC-A9CD-756CF57B6F0E}.Debug|Any CPU.Build.0 = Debug|Any CPU
		{EEEC6F67-9E2D-4CDC-A9CD-756CF57B6F0E}.Release|Any CPU.ActiveCfg = Release|Any CPU
		{EEEC6F67-9E2D-4CDC-A9CD-756CF57B6F0E}.Release|Any CPU.Build.0 = Release|Any CPU
	EndGlobalSection
	GlobalSection(SolutionProperties) = preSolution
		HideSolutionNode = FALSE
	EndGlobalSection
	GlobalSection(ExtensibilityGlobals) = postSolution
		SolutionGuid = {355495A2-5D77-451C-8096-DF4D42146413}
	EndGlobalSection
EndGlobal
